// !$*UTF8*$!
{
	archiveVersion = 1;
	classes = {
	};
	objectVersion = 50;
	objects = {

/* Begin PBXBuildFile section */
		5870564525EE5B250002A4D0 /* AppDelegate.swift in Sources */ = {isa = PBXBuildFile; fileRef = 5870564425EE5B250002A4D0 /* AppDelegate.swift */; };
		5870564725EE5B250002A4D0 /* SceneDelegate.swift in Sources */ = {isa = PBXBuildFile; fileRef = 5870564625EE5B250002A4D0 /* SceneDelegate.swift */; };
		5870564925EE5B250002A4D0 /* ViewController.swift in Sources */ = {isa = PBXBuildFile; fileRef = 5870564825EE5B250002A4D0 /* ViewController.swift */; };
		5870564C25EE5B250002A4D0 /* Main.storyboard in Resources */ = {isa = PBXBuildFile; fileRef = 5870564A25EE5B250002A4D0 /* Main.storyboard */; };
		5870564E25EE5B260002A4D0 /* Assets.xcassets in Resources */ = {isa = PBXBuildFile; fileRef = 5870564D25EE5B260002A4D0 /* Assets.xcassets */; };
		5870565125EE5B260002A4D0 /* LaunchScreen.storyboard in Resources */ = {isa = PBXBuildFile; fileRef = 5870564F25EE5B260002A4D0 /* LaunchScreen.storyboard */; };
		5870565B25EE5C060002A4D0 /* MemeEditorViewController.swift in Sources */ = {isa = PBXBuildFile; fileRef = 5870565A25EE5C060002A4D0 /* MemeEditorViewController.swift */; };
		5870565E25EE66B30002A4D0 /* MemeCaptionTextViewDelegate.swift in Sources */ = {isa = PBXBuildFile; fileRef = 5870565D25EE66B30002A4D0 /* MemeCaptionTextViewDelegate.swift */; };
		5870566125EF6E0A0002A4D0 /* MemeData.swift in Sources */ = {isa = PBXBuildFile; fileRef = 5870566025EF6E0A0002A4D0 /* MemeData.swift */; };
/* End PBXBuildFile section */

/* Begin PBXFileReference section */
		5870564125EE5B250002A4D0 /* MemeMe 1.0.app */ = {isa = PBXFileReference; explicitFileType = wrapper.application; includeInIndex = 0; path = "MemeMe 1.0.app"; sourceTree = BUILT_PRODUCTS_DIR; };
		5870564425EE5B250002A4D0 /* AppDelegate.swift */ = {isa = PBXFileReference; lastKnownFileType = sourcecode.swift; path = AppDelegate.swift; sourceTree = "<group>"; };
		5870564625EE5B250002A4D0 /* SceneDelegate.swift */ = {isa = PBXFileReference; lastKnownFileType = sourcecode.swift; path = SceneDelegate.swift; sourceTree = "<group>"; };
		5870564825EE5B250002A4D0 /* ViewController.swift */ = {isa = PBXFileReference; lastKnownFileType = sourcecode.swift; path = ViewController.swift; sourceTree = "<group>"; };
		5870564B25EE5B250002A4D0 /* Base */ = {isa = PBXFileReference; lastKnownFileType = file.storyboard; name = Base; path = Base.lproj/Main.storyboard; sourceTree = "<group>"; };
		5870564D25EE5B260002A4D0 /* Assets.xcassets */ = {isa = PBXFileReference; lastKnownFileType = folder.assetcatalog; path = Assets.xcassets; sourceTree = "<group>"; };
		5870565025EE5B260002A4D0 /* Base */ = {isa = PBXFileReference; lastKnownFileType = file.storyboard; name = Base; path = Base.lproj/LaunchScreen.storyboard; sourceTree = "<group>"; };
		5870565225EE5B260002A4D0 /* Info.plist */ = {isa = PBXFileReference; lastKnownFileType = text.plist.xml; path = Info.plist; sourceTree = "<group>"; };
		5870565A25EE5C060002A4D0 /* MemeEditorViewController.swift */ = {isa = PBXFileReference; lastKnownFileType = sourcecode.swift; path = MemeEditorViewController.swift; sourceTree = "<group>"; };
		5870565D25EE66B30002A4D0 /* MemeCaptionTextViewDelegate.swift */ = {isa = PBXFileReference; lastKnownFileType = sourcecode.swift; path = MemeCaptionTextViewDelegate.swift; sourceTree = "<group>"; };
		5870566025EF6E0A0002A4D0 /* MemeData.swift */ = {isa = PBXFileReference; lastKnownFileType = sourcecode.swift; path = MemeData.swift; sourceTree = "<group>"; };
/* End PBXFileReference section */

/* Begin PBXFrameworksBuildPhase section */
		5870563E25EE5B250002A4D0 /* Frameworks */ = {
			isa = PBXFrameworksBuildPhase;
			buildActionMask = 2147483647;
			files = (
			);
			runOnlyForDeploymentPostprocessing = 0;
		};
/* End PBXFrameworksBuildPhase section */

/* Begin PBXGroup section */
		5870563825EE5B250002A4D0 = {
			isa = PBXGroup;
			children = (
				5870564325EE5B250002A4D0 /* MemeMe 1.0 */,
				5870564225EE5B250002A4D0 /* Products */,
			);
			sourceTree = "<group>";
		};
		5870564225EE5B250002A4D0 /* Products */ = {
			isa = PBXGroup;
			children = (
				5870564125EE5B250002A4D0 /* MemeMe 1.0.app */,
			);
			name = Products;
			sourceTree = "<group>";
		};
		5870564325EE5B250002A4D0 /* MemeMe 1.0 */ = {
			isa = PBXGroup;
			children = (
				5870566325EF90230002A4D0 /* meme_editor */,
				5870564425EE5B250002A4D0 /* AppDelegate.swift */,
				5870564625EE5B250002A4D0 /* SceneDelegate.swift */,
				5870564825EE5B250002A4D0 /* ViewController.swift */,
				5870564A25EE5B250002A4D0 /* Main.storyboard */,
				5870564D25EE5B260002A4D0 /* Assets.xcassets */,
				5870564F25EE5B260002A4D0 /* LaunchScreen.storyboard */,
				5870565225EE5B260002A4D0 /* Info.plist */,
			);
			path = "MemeMe 1.0";
			sourceTree = "<group>";
		};
		5870566325EF90230002A4D0 /* meme_editor */ = {
			isa = PBXGroup;
			children = (
				5870566425EF904D0002A4D0 /* data */,
				5870565A25EE5C060002A4D0 /* MemeEditorViewController.swift */,
				5870565D25EE66B30002A4D0 /* MemeCaptionTextViewDelegate.swift */,
			);
			path = meme_editor;
			sourceTree = "<group>";
		};
		5870566425EF904D0002A4D0 /* data */ = {
			isa = PBXGroup;
			children = (
				5870566025EF6E0A0002A4D0 /* MemeData.swift */,
			);
			path = data;
			sourceTree = "<group>";
		};
/* End PBXGroup section */

/* Begin PBXNativeTarget section */
		5870564025EE5B250002A4D0 /* MemeMe 1.0 */ = {
			isa = PBXNativeTarget;
			buildConfigurationList = 5870565525EE5B260002A4D0 /* Build configuration list for PBXNativeTarget "MemeMe 1.0" */;
			buildPhases = (
				5870563D25EE5B250002A4D0 /* Sources */,
				5870563E25EE5B250002A4D0 /* Frameworks */,
				5870563F25EE5B250002A4D0 /* Resources */,
			);
			buildRules = (
			);
			dependencies = (
			);
			name = "MemeMe 1.0";
			productName = "MemeMe 1.0";
			productReference = 5870564125EE5B250002A4D0 /* MemeMe 1.0.app */;
			productType = "com.apple.product-type.application";
		};
/* End PBXNativeTarget section */

/* Begin PBXProject section */
		5870563925EE5B250002A4D0 /* Project object */ = {
			isa = PBXProject;
			attributes = {
				LastSwiftUpdateCheck = 1240;
				LastUpgradeCheck = 1240;
				TargetAttributes = {
					5870564025EE5B250002A4D0 = {
						CreatedOnToolsVersion = 12.4;
					};
				};
			};
			buildConfigurationList = 5870563C25EE5B250002A4D0 /* Build configuration list for PBXProject "MemeMe 1.0" */;
			compatibilityVersion = "Xcode 9.3";
			developmentRegion = en;
			hasScannedForEncodings = 0;
			knownRegions = (
				en,
				Base,
			);
			mainGroup = 5870563825EE5B250002A4D0;
			productRefGroup = 5870564225EE5B250002A4D0 /* Products */;
			projectDirPath = "";
			projectRoot = "";
			targets = (
				5870564025EE5B250002A4D0 /* MemeMe 1.0 */,
			);
		};
/* End PBXProject section */

/* Begin PBXResourcesBuildPhase section */
		5870563F25EE5B250002A4D0 /* Resources */ = {
			isa = PBXResourcesBuildPhase;
			buildActionMask = 2147483647;
			files = (
				5870565125EE5B260002A4D0 /* LaunchScreen.storyboard in Resources */,
				5870564E25EE5B260002A4D0 /* Assets.xcassets in Resources */,
				5870564C25EE5B250002A4D0 /* Main.storyboard in Resources */,
			);
			runOnlyForDeploymentPostprocessing = 0;
		};
/* End PBXResourcesBuildPhase section */

/* Begin PBXSourcesBuildPhase section */
		5870563D25EE5B250002A4D0 /* Sources */ = {
			isa = PBXSourcesBuildPhase;
			buildActionMask = 2147483647;
			files = (
				5870565E25EE66B30002A4D0 /* MemeCaptionTextViewDelegate.swift in Sources */,
				5870566125EF6E0A0002A4D0 /* MemeData.swift in Sources */,
				5870564925EE5B250002A4D0 /* ViewController.swift in Sources */,
				5870564525EE5B250002A4D0 /* AppDelegate.swift in Sources */,
				5870564725EE5B250002A4D0 /* SceneDelegate.swift in Sources */,
				5870565B25EE5C060002A4D0 /* MemeEditorViewController.swift in Sources */,
			);
			runOnlyForDeploymentPostprocessing = 0;
		};
/* End PBXSourcesBuildPhase section */

/* Begin PBXVariantGroup section */
		5870564A25EE5B250002A4D0 /* Main.storyboard */ = {
			isa = PBXVariantGroup;
			children = (
				5870564B25EE5B250002A4D0 /* Base */,
			);
			name = Main.storyboard;
			sourceTree = "<group>";
		};
		5870564F25EE5B260002A4D0 /* LaunchScreen.storyboard */ = {
			isa = PBXVariantGroup;
			children = (
				5870565025EE5B260002A4D0 /* Base */,
			);
			name = LaunchScreen.storyboard;
			sourceTree = "<group>";
		};
/* End PBXVariantGroup section */

/* Begin XCBuildConfiguration section */
		5870565325EE5B260002A4D0 /* Debug */ = {
			isa = XCBuildConfiguration;
			buildSettings = {
				ALWAYS_SEARCH_USER_PATHS = NO;
				CLANG_ANALYZER_NONNULL = YES;
				CLANG_ANALYZER_NUMBER_OBJECT_CONVERSION = YES_AGGRESSIVE;
				CLANG_CXX_LANGUAGE_STANDARD = "gnu++14";
				CLANG_CXX_LIBRARY = "libc++";
				CLANG_ENABLE_MODULES = YES;
				CLANG_ENABLE_OBJC_ARC = YES;
				CLANG_ENABLE_OBJC_WEAK = YES;
				CLANG_WARN_BLOCK_CAPTURE_AUTORELEASING = YES;
				CLANG_WARN_BOOL_CONVERSION = YES;
				CLANG_WARN_COMMA = YES;
				CLANG_WARN_CONSTANT_CONVERSION = YES;
				CLANG_WARN_DEPRECATED_OBJC_IMPLEMENTATIONS = YES;
				CLANG_WARN_DIRECT_OBJC_ISA_USAGE = YES_ERROR;
				CLANG_WARN_DOCUMENTATION_COMMENTS = YES;
				CLANG_WARN_EMPTY_BODY = YES;
				CLANG_WARN_ENUM_CONVERSION = YES;
				CLANG_WARN_INFINITE_RECURSION = YES;
				CLANG_WARN_INT_CONVERSION = YES;
				CLANG_WARN_NON_LITERAL_NULL_CONVERSION = YES;
				CLANG_WARN_OBJC_IMPLICIT_RETAIN_SELF = YES;
				CLANG_WARN_OBJC_LITERAL_CONVERSION = YES;
				CLANG_WARN_OBJC_ROOT_CLASS = YES_ERROR;
				CLANG_WARN_QUOTED_INCLUDE_IN_FRAMEWORK_HEADER = YES;
				CLANG_WARN_RANGE_LOOP_ANALYSIS = YES;
				CLANG_WARN_STRICT_PROTOTYPES = YES;
				CLANG_WARN_SUSPICIOUS_MOVE = YES;
				CLANG_WARN_UNGUARDED_AVAILABILITY = YES_AGGRESSIVE;
				CLANG_WARN_UNREACHABLE_CODE = YES;
				CLANG_WARN__DUPLICATE_METHOD_MATCH = YES;
				COPY_PHASE_STRIP = NO;
				DEBUG_INFORMATION_FORMAT = dwarf;
				ENABLE_STRICT_OBJC_MSGSEND = YES;
				ENABLE_TESTABILITY = YES;
				GCC_C_LANGUAGE_STANDARD = gnu11;
				GCC_DYNAMIC_NO_PIC = NO;
				GCC_NO_COMMON_BLOCKS = YES;
				GCC_OPTIMIZATION_LEVEL = 0;
				GCC_PREPROCESSOR_DEFINITIONS = (
					"DEBUG=1",
					"$(inherited)",
				);
				GCC_WARN_64_TO_32_BIT_CONVERSION = YES;
				GCC_WARN_ABOUT_RETURN_TYPE = YES_ERROR;
				GCC_WARN_UNDECLARED_SELECTOR = YES;
				GCC_WARN_UNINITIALIZED_AUTOS = YES_AGGRESSIVE;
				GCC_WARN_UNUSED_FUNCTION = YES;
				GCC_WARN_UNUSED_VARIABLE = YES;
				IPHONEOS_DEPLOYMENT_TARGET = 14.4;
				MTL_ENABLE_DEBUG_INFO = INCLUDE_SOURCE;
				MTL_FAST_MATH = YES;
				ONLY_ACTIVE_ARCH = YES;
				SDKROOT = iphoneos;
				SWIFT_ACTIVE_COMPILATION_CONDITIONS = DEBUG;
				SWIFT_OPTIMIZATION_LEVEL = "-Onone";
			};
			name = Debug;
		};
		5870565425EE5B260002A4D0 /* Release */ = {
			isa = XCBuildConfiguration;
			buildSettings = {
				ALWAYS_SEARCH_USER_PATHS = NO;
				CLANG_ANALYZER_NONNULL = YES;
				CLANG_ANALYZER_NUMBER_OBJECT_CONVERSION = YES_AGGRESSIVE;
				CLANG_CXX_LANGUAGE_STANDARD = "gnu++14";
				CLANG_CXX_LIBRARY = "libc++";
				CLANG_ENABLE_MODULES = YES;
				CLANG_ENABLE_OBJC_ARC = YES;
				CLANG_ENABLE_OBJC_WEAK = YES;
				CLANG_WARN_BLOCK_CAPTURE_AUTORELEASING = YES;
				CLANG_WARN_BOOL_CONVERSION = YES;
				CLANG_WARN_COMMA = YES;
				CLANG_WARN_CONSTANT_CONVERSION = YES;
				CLANG_WARN_DEPRECATED_OBJC_IMPLEMENTATIONS = YES;
				CLANG_WARN_DIRECT_OBJC_ISA_USAGE = YES_ERROR;
				CLANG_WARN_DOCUMENTATION_COMMENTS = YES;
				CLANG_WARN_EMPTY_BODY = YES;
				CLANG_WARN_ENUM_CONVERSION = YES;
				CLANG_WARN_INFINITE_RECURSION = YES;
				CLANG_WARN_INT_CONVERSION = YES;
				CLANG_WARN_NON_LITERAL_NULL_CONVERSION = YES;
				CLANG_WARN_OBJC_IMPLICIT_RETAIN_SELF = YES;
				CLANG_WARN_OBJC_LITERAL_CONVERSION = YES;
				CLANG_WARN_OBJC_ROOT_CLASS = YES_ERROR;
				CLANG_WARN_QUOTED_INCLUDE_IN_FRAMEWORK_HEADER = YES;
				CLANG_WARN_RANGE_LOOP_ANALYSIS = YES;
				CLANG_WARN_STRICT_PROTOTYPES = YES;
				CLANG_WARN_SUSPICIOUS_MOVE = YES;
				CLANG_WARN_UNGUARDED_AVAILABILITY = YES_AGGRESSIVE;
				CLANG_WARN_UNREACHABLE_CODE = YES;
				CLANG_WARN__DUPLICATE_METHOD_MATCH = YES;
				COPY_PHASE_STRIP = NO;
				DEBUG_INFORMATION_FORMAT = "dwarf-with-dsym";
				ENABLE_NS_ASSERTIONS = NO;
				ENABLE_STRICT_OBJC_MSGSEND = YES;
				GCC_C_LANGUAGE_STANDARD = gnu11;
				GCC_NO_COMMON_BLOCKS = YES;
				GCC_WARN_64_TO_32_BIT_CONVERSION = YES;
				GCC_WARN_ABOUT_RETURN_TYPE = YES_ERROR;
				GCC_WARN_UNDECLARED_SELECTOR = YES;
				GCC_WARN_UNINITIALIZED_AUTOS = YES_AGGRESSIVE;
				GCC_WARN_UNUSED_FUNCTION = YES;
				GCC_WARN_UNUSED_VARIABLE = YES;
				IPHONEOS_DEPLOYMENT_TARGET = 14.4;
				MTL_ENABLE_DEBUG_INFO = NO;
				MTL_FAST_MATH = YES;
				SDKROOT = iphoneos;
				SWIFT_COMPILATION_MODE = wholemodule;
				SWIFT_OPTIMIZATION_LEVEL = "-O";
				VALIDATE_PRODUCT = YES;
			};
			name = Release;
		};
		5870565625EE5B260002A4D0 /* Debug */ = {
			isa = XCBuildConfiguration;
			buildSettings = {
				ASSETCATALOG_COMPILER_APPICON_NAME = AppIcon;
				ASSETCATALOG_COMPILER_GLOBAL_ACCENT_COLOR_NAME = AccentColor;
				CODE_SIGN_STYLE = Automatic;
				INFOPLIST_FILE = "MemeMe 1.0/Info.plist";
				LD_RUNPATH_SEARCH_PATHS = (
					"$(inherited)",
					"@executable_path/Frameworks",
				);
				PRODUCT_BUNDLE_IDENTIFIER = "Udacity.MemeMe-1-0";
				PRODUCT_NAME = "$(TARGET_NAME)";
				SWIFT_VERSION = 5.0;
				TARGETED_DEVICE_FAMILY = 1;
			};
			name = Debug;
		};
		5870565725EE5B260002A4D0 /* Release */ = {
			isa = XCBuildConfiguration;
			buildSettings = {
				ASSETCATALOG_COMPILER_APPICON_NAME = AppIcon;
				ASSETCATALOG_COMPILER_GLOBAL_ACCENT_COLOR_NAME = AccentColor;
				CODE_SIGN_STYLE = Automatic;
				INFOPLIST_FILE = "MemeMe 1.0/Info.plist";
				LD_RUNPATH_SEARCH_PATHS = (
					"$(inherited)",
					"@executable_path/Frameworks",
				);
				PRODUCT_BUNDLE_IDENTIFIER = "Udacity.MemeMe-1-0";
				PRODUCT_NAME = "$(TARGET_NAME)";
				SWIFT_VERSION = 5.0;
				TARGETED_DEVICE_FAMILY = 1;
			};
			name = Release;
		};
/* End XCBuildConfiguration section */

/* Begin XCConfigurationList section */
		5870563C25EE5B250002A4D0 /* Build configuration list for PBXProject "MemeMe 1.0" */ = {
			isa = XCConfigurationList;
			buildConfigurations = (
				5870565325EE5B260002A4D0 /* Debug */,
				5870565425EE5B260002A4D0 /* Release */,
			);
			defaultConfigurationIsVisible = 0;
			defaultConfigurationName = Release;
		};
		5870565525EE5B260002A4D0 /* Build configuration list for PBXNativeTarget "MemeMe 1.0" */ = {
			isa = XCConfigurationList;
			buildConfigurations = (
				5870565625EE5B260002A4D0 /* Debug */,
				5870565725EE5B260002A4D0 /* Release */,
			);
			defaultConfigurationIsVisible = 0;
			defaultConfigurationName = Release;
		};
/* End XCConfigurationList section */
	};
	rootObject = 5870563925EE5B250002A4D0 /* Project object */;
}
